
Microsoft Visual Studio Solution File, Format Version 12.00
# Visual Studio Version 17
VisualStudioVersion = 17.3.32929.385
MinimumVisualStudioVersion = 10.0.40219.1
Project("{FAE04EC0-301F-11D3-BF4B-00C04F79EFBC}") = "CS311_Project2_JWH", "CS311_Project2_JWH.csproj", "{0DD86EFA-1D01-4DC7-9448-EA0B410FE29B}"
EndProject
Global
	GlobalSection(SolutionConfigurationPlatforms) = preSolution
		Debug|Any CPU = Debug|Any CPU
		Release|Any CPU = Release|Any CPU
	EndGlobalSection
	GlobalSection(ProjectConfigurationPlatforms) = postSolution
		{0DD86EFA-1D01-4DC7-9448-EA0B410FE29B}.Debug|Any CPU.ActiveCfg = Debug|Any CPU
		{0DD86EFA-1D01-4DC7-9448-EA0B410FE29B}.Debug|Any CPU.Build.0 = Debug|Any CPU
		{0DD86EFA-1D01-4DC7-9448-EA0B410FE29B}.Release|Any CPU.ActiveCfg = Release|Any CPU
		{0DD86EFA-1D01-4DC7-9448-EA0B410FE29B}.Release|Any CPU.Build.0 = Release|Any CPU
	EndGlobalSection
	GlobalSection(SolutionProperties) = preSolution
		HideSolutionNode = FALSE
	EndGlobalSection
	GlobalSection(ExtensibilityGlobals) = postSolution
		SolutionGuid = {DC9965A4-6CAB-474B-AD27-305042009F7A}
	EndGlobalSection
EndGlobal
